{
  "name": "db-2",
  "version": "1.0.0",
  "lockfileVersion": 3,
  "requires": true,
  "packages": {
    "": {
      "name": "db-2",
      "version": "1.0.0",
      "license": "ISC",
      "dependencies": {
        "db-1": "github:shakyshane/db-1#1.0.0",
        "db-3": "github:shakyshane/db3#1.0.1"
      }
    },
    "node_modules/db-1": {
      "version": "1.0.0",
      "resolved": "git+ssh://git@github.com/shakyshane/db-1.git#f8bf90e20a3bfa0c256b3b04c6da58acec33ef9d",
      "license": "ISC"
    },
    "node_modules/db-3": {
      "version": "1.0.0",
      "resolved": "git+ssh://git@github.com/shakyshane/db3.git#e1033bc9b67261f5c0bbcf5b6cb9423cf62c3927",
      "integrity": "sha512-bcX2aO//joxho3pxanUC9rqVDEScPdYhXGQK7UFBaHmLX0gUHT45LGYDCSOLITWtPvZHgOm44AcquNv4WeZDBQ==",
      "license": "ISC"
    }
  }
}
