{
  "name": "db-2",
  "version": "1.0.0",
  "lockfileVersion": 3,
  "requires": true,
  "packages": {
    "": {
      "name": "db-2",
      "version": "1.0.0",
      "license": "ISC",
      "dependencies": {
        "db-1": "github:shakyshane/db-1#3.0.4"
      }
    },
    "node_modules/db-1": {
      "version": "1.0.0",
      "resolved": "git+ssh://git@github.com/shakyshane/db-1.git#02b6c3fe76607a6d331e624a9fbf5731e2d61ae5",
      "integrity": "sha512-mmHpKfeVlpkbXsxvSjUH6m7vEKtuPRLhTdcNZuy5nWDICPEzfyCZzNpTtN0ym/+HVZVjooI2hLslJ6CWRuuiMw==",
      "license": "ISC"
    }
  }
}
