{
  "name": "db-2",
  "version": "1.0.0",
  "lockfileVersion": 3,
  "requires": true,
  "packages": {
    "": {
      "name": "db-2",
      "version": "1.0.0",
      "license": "ISC",
      "dependencies": {
        "db-1": "github:shakyshane/db-1#3.0.3"
      }
    },
    "node_modules/db-1": {
      "version": "1.0.0",
      "resolved": "git+ssh://git@github.com/shakyshane/db-1.git#ff588df5c8aea7c42685b580e82ba67f82adbe3c",
      "integrity": "sha512-mLO68+TJf5zExj1afFPWu4h9MD6uMg+DjLDaksFvYwk101ONCLBY3XNna3xp6Re6BlCPuomyREsmY50wJUwqnA==",
      "license": "ISC"
    }
  }
}
